
Microsoft Visual Studio Solution File, Format Version 12.00
# Visual Studio Version 17
VisualStudioVersion = 17.5.33530.505
MinimumVisualStudioVersion = 10.0.40219.1
Project("{FAE04EC0-301F-11D3-BF4B-00C04F79EFBC}") = "Core.Service", "Source\Core.Service\Core.Service.csproj", "{9DFDEE71-FF76-47AC-A008-A606B82B0BEC}"
EndProject
Project("{FAE04EC0-301F-11D3-BF4B-00C04F79EFBC}") = "Core.Facade", "Source\Core.Adapter\Core.Facade.csproj", "{5AA773E3-4199-4B98-8A51-315FED21A1E5}"
EndProject
Global
	GlobalSection(SolutionConfigurationPlatforms) = preSolution
		Debug|Any CPU = Debug|Any CPU
		Release|Any CPU = Release|Any CPU
	EndGlobalSection
	GlobalSection(ProjectConfigurationPlatforms) = postSolution
		{9DFDEE71-FF76-47AC-A008-A606B82B0BEC}.Debug|Any CPU.ActiveCfg = Debug|Any CPU
		{9DFDEE71-FF76-47AC-A008-A606B82B0BEC}.Debug|Any CPU.Build.0 = Debug|Any CPU
		{9DFDEE71-FF76-47AC-A008-A606B82B0BEC}.Release|Any CPU.ActiveCfg = Release|Any CPU
		{9DFDEE71-FF76-47AC-A008-A606B82B0BEC}.Release|Any CPU.Build.0 = Release|Any CPU
		{5AA773E3-4199-4B98-8A51-315FED21A1E5}.Debug|Any CPU.ActiveCfg = Debug|Any CPU
		{5AA773E3-4199-4B98-8A51-315FED21A1E5}.Debug|Any CPU.Build.0 = Debug|Any CPU
		{5AA773E3-4199-4B98-8A51-315FED21A1E5}.Release|Any CPU.ActiveCfg = Release|Any CPU
		{5AA773E3-4199-4B98-8A51-315FED21A1E5}.Release|Any CPU.Build.0 = Release|Any CPU
	EndGlobalSection
	GlobalSection(SolutionProperties) = preSolution
		HideSolutionNode = FALSE
	EndGlobalSection
	GlobalSection(ExtensibilityGlobals) = postSolution
		SolutionGuid = {B84344A1-B4AC-4123-8C49-E598DB552FD0}
	EndGlobalSection
EndGlobal
